{
  "version": 4,
  "terraform_version": "1.13.0",
  "serial": 1,
  "lineage": "c1df6b29-b330-a9e4-af30-77e70fe13d54",
  "outputs": {},
  "resources": [
    {
      "mode": "managed",
      "type": "aws_iam_user",
      "name": "sangu111",
      "provider": "provider[\"registry.terraform.io/hashicorp/aws\"]",
      "instances": [
        {
          "schema_version": 0,
          "attributes": {
            "arn": "arn:aws:iam::182399696987:user/sangamesh",
            "force_destroy": false,
            "id": "sangamesh",
            "name": "sangamesh",
            "path": "/",
            "permissions_boundary": "",
            "tags": null,
            "tags_all": {},
            "unique_id": "AIDASU566QBN6KAROLPXU"
          },
          "sensitive_attributes": [],
          "identity_schema_version": 0,
          "private": "bnVsbA=="
        }
      ]
    }
  ],
  "check_results": null
}
